// !$*UTF8*$!
{
	archiveVersion = 1;
	classes = {
	};
	objectVersion = 51;
	objects = {

/* Begin PBXBuildFile section */
		0E2AE8DA23A3BAE100755A4A /* AppDelegate.swift in Sources */ = {isa = PBXBuildFile; fileRef = 0E2AE8D923A3BAE100755A4A /* AppDelegate.swift */; };
		0E2AE8DE23A3BAE100755A4A /* ViewController.swift in Sources */ = {isa = PBXBuildFile; fileRef = 0E2AE8DD23A3BAE100755A4A /* ViewController.swift */; };
		0E2AE8E323A3BAE200755A4A /* Assets.xcassets in Resources */ = {isa = PBXBuildFile; fileRef = 0E2AE8E223A3BAE200755A4A /* Assets.xcassets */; };
		0E2AE8E623A3BAE200755A4A /* LaunchScreen.storyboard in Resources */ = {isa = PBXBuildFile; fileRef = 0E2AE8E423A3BAE200755A4A /* LaunchScreen.storyboard */; };
		0E2AE8F123A3BAE300755A4A /* InfosysAssignmentTests.swift in Sources */ = {isa = PBXBuildFile; fileRef = 0E2AE8F023A3BAE300755A4A /* InfosysAssignmentTests.swift */; };
		0E4DE7E323A3BD3400577ACB /* APIRestClient.swift in Sources */ = {isa = PBXBuildFile; fileRef = 0E4DE7E223A3BD3400577ACB /* APIRestClient.swift */; };
		0E4DE7E523A3C02200577ACB /* FactResponse.swift in Sources */ = {isa = PBXBuildFile; fileRef = 0E4DE7E423A3C02200577ACB /* FactResponse.swift */; };
		0E4DE7E823A3C0AA00577ACB /* NetworkConnection.swift in Sources */ = {isa = PBXBuildFile; fileRef = 0E4DE7E723A3C0AA00577ACB /* NetworkConnection.swift */; };
		0E4DE7EC23A3E83500577ACB /* FactTableViewCell.swift in Sources */ = {isa = PBXBuildFile; fileRef = 0E4DE7EB23A3E83500577ACB /* FactTableViewCell.swift */; };
		0E4DE7EF23A3E91400577ACB /* ViewControllerViewModel.swift in Sources */ = {isa = PBXBuildFile; fileRef = 0E4DE7EE23A3E91400577ACB /* ViewControllerViewModel.swift */; };
		0E4DE7F223A3EA8E00577ACB /* Alerts.swift in Sources */ = {isa = PBXBuildFile; fileRef = 0E4DE7F123A3EA8E00577ACB /* Alerts.swift */; };
		0E9E248723A7AC0800278D62 /* ViewControllerTests.swift in Sources */ = {isa = PBXBuildFile; fileRef = 0E9E248623A7AC0800278D62 /* ViewControllerTests.swift */; };
		0E9E248923A7B34800278D62 /* APIRestClientTests.swift in Sources */ = {isa = PBXBuildFile; fileRef = 0E9E248823A7B34800278D62 /* APIRestClientTests.swift */; };
		0EF2B33023D041910004CFA2 /* FactTableViewCellTests.swift in Sources */ = {isa = PBXBuildFile; fileRef = 0EF2B32F23D041910004CFA2 /* FactTableViewCellTests.swift */; };
		1422524A92B76D072A49E026 /* Pods_InfosysAssignmentTests.framework in Frameworks */ = {isa = PBXBuildFile; fileRef = 69A4C50C63DEDEFBEB82089F /* Pods_InfosysAssignmentTests.framework */; };
		8A8685A15172BFD07740D351 /* Pods_InfosysAssignment.framework in Frameworks */ = {isa = PBXBuildFile; fileRef = B700086A587E26DFBB57DA70 /* Pods_InfosysAssignment.framework */; };
/* End PBXBuildFile section */

/* Begin PBXContainerItemProxy section */
		0E2AE8ED23A3BAE300755A4A /* PBXContainerItemProxy */ = {
			isa = PBXContainerItemProxy;
			containerPortal = 0E2AE8CE23A3BAE100755A4A /* Project object */;
			proxyType = 1;
			remoteGlobalIDString = 0E2AE8D523A3BAE100755A4A;
			remoteInfo = InfosysAssignment;
		};
/* End PBXContainerItemProxy section */

/* Begin PBXFileReference section */
		0E2AE8D623A3BAE100755A4A /* InfosysAssignment.app */ = {isa = PBXFileReference; explicitFileType = wrapper.application; includeInIndex = 0; path = InfosysAssignment.app; sourceTree = BUILT_PRODUCTS_DIR; };
		0E2AE8D923A3BAE100755A4A /* AppDelegate.swift */ = {isa = PBXFileReference; lastKnownFileType = sourcecode.swift; path = AppDelegate.swift; sourceTree = "<group>"; };
		0E2AE8DD23A3BAE100755A4A /* ViewController.swift */ = {isa = PBXFileReference; lastKnownFileType = sourcecode.swift; path = ViewController.swift; sourceTree = "<group>"; };
		0E2AE8E223A3BAE200755A4A /* Assets.xcassets */ = {isa = PBXFileReference; lastKnownFileType = folder.assetcatalog; path = Assets.xcassets; sourceTree = "<group>"; };
		0E2AE8E523A3BAE200755A4A /* Base */ = {isa = PBXFileReference; lastKnownFileType = file.storyboard; name = Base; path = Base.lproj/LaunchScreen.storyboard; sourceTree = "<group>"; };
		0E2AE8E723A3BAE200755A4A /* Info.plist */ = {isa = PBXFileReference; lastKnownFileType = text.plist.xml; path = Info.plist; sourceTree = "<group>"; };
		0E2AE8EC23A3BAE300755A4A /* InfosysAssignmentTests.xctest */ = {isa = PBXFileReference; explicitFileType = wrapper.cfbundle; includeInIndex = 0; path = InfosysAssignmentTests.xctest; sourceTree = BUILT_PRODUCTS_DIR; };
		0E2AE8F023A3BAE300755A4A /* InfosysAssignmentTests.swift */ = {isa = PBXFileReference; lastKnownFileType = sourcecode.swift; path = InfosysAssignmentTests.swift; sourceTree = "<group>"; };
		0E2AE8F223A3BAE300755A4A /* Info.plist */ = {isa = PBXFileReference; lastKnownFileType = text.plist.xml; path = Info.plist; sourceTree = "<group>"; };
		0E4DE7E223A3BD3400577ACB /* APIRestClient.swift */ = {isa = PBXFileReference; lastKnownFileType = sourcecode.swift; path = APIRestClient.swift; sourceTree = "<group>"; };
		0E4DE7E423A3C02200577ACB /* FactResponse.swift */ = {isa = PBXFileReference; lastKnownFileType = sourcecode.swift; path = FactResponse.swift; sourceTree = "<group>"; };
		0E4DE7E723A3C0AA00577ACB /* NetworkConnection.swift */ = {isa = PBXFileReference; lastKnownFileType = sourcecode.swift; path = NetworkConnection.swift; sourceTree = "<group>"; };
		0E4DE7EB23A3E83500577ACB /* FactTableViewCell.swift */ = {isa = PBXFileReference; lastKnownFileType = sourcecode.swift; path = FactTableViewCell.swift; sourceTree = "<group>"; };
		0E4DE7EE23A3E91400577ACB /* ViewControllerViewModel.swift */ = {isa = PBXFileReference; lastKnownFileType = sourcecode.swift; path = ViewControllerViewModel.swift; sourceTree = "<group>"; };
		0E4DE7F123A3EA8E00577ACB /* Alerts.swift */ = {isa = PBXFileReference; lastKnownFileType = sourcecode.swift; path = Alerts.swift; sourceTree = "<group>"; };
		0E9E248623A7AC0800278D62 /* ViewControllerTests.swift */ = {isa = PBXFileReference; lastKnownFileType = sourcecode.swift; path = ViewControllerTests.swift; sourceTree = "<group>"; };
		0E9E248823A7B34800278D62 /* APIRestClientTests.swift */ = {isa = PBXFileReference; lastKnownFileType = sourcecode.swift; path = APIRestClientTests.swift; sourceTree = "<group>"; };
		0EF2B32F23D041910004CFA2 /* FactTableViewCellTests.swift */ = {isa = PBXFileReference; lastKnownFileType = sourcecode.swift; path = FactTableViewCellTests.swift; sourceTree = "<group>"; };
		2987EF48D42E2BB925A95351 /* Pods-InfosysAssignment.release.xcconfig */ = {isa = PBXFileReference; includeInIndex = 1; lastKnownFileType = text.xcconfig; name = "Pods-InfosysAssignment.release.xcconfig"; path = "Target Support Files/Pods-InfosysAssignment/Pods-InfosysAssignment.release.xcconfig"; sourceTree = "<group>"; };
		69A4C50C63DEDEFBEB82089F /* Pods_InfosysAssignmentTests.framework */ = {isa = PBXFileReference; explicitFileType = wrapper.framework; includeInIndex = 0; path = Pods_InfosysAssignmentTests.framework; sourceTree = BUILT_PRODUCTS_DIR; };
		7DF1CAF85FCC1757B3E322B6 /* Pods-InfosysAssignmentTests.debug.xcconfig */ = {isa = PBXFileReference; includeInIndex = 1; lastKnownFileType = text.xcconfig; name = "Pods-InfosysAssignmentTests.debug.xcconfig"; path = "Target Support Files/Pods-InfosysAssignmentTests/Pods-InfosysAssignmentTests.debug.xcconfig"; sourceTree = "<group>"; };
		B700086A587E26DFBB57DA70 /* Pods_InfosysAssignment.framework */ = {isa = PBXFileReference; explicitFileType = wrapper.framework; includeInIndex = 0; path = Pods_InfosysAssignment.framework; sourceTree = BUILT_PRODUCTS_DIR; };
		B7B79BD5A591522830287B2A /* Pods-InfosysAssignment.debug.xcconfig */ = {isa = PBXFileReference; includeInIndex = 1; lastKnownFileType = text.xcconfig; name = "Pods-InfosysAssignment.debug.xcconfig"; path = "Target Support Files/Pods-InfosysAssignment/Pods-InfosysAssignment.debug.xcconfig"; sourceTree = "<group>"; };
		ED358D98BFBB31144E3EB9E3 /* Pods-InfosysAssignmentTests.release.xcconfig */ = {isa = PBXFileReference; includeInIndex = 1; lastKnownFileType = text.xcconfig; name = "Pods-InfosysAssignmentTests.release.xcconfig"; path = "Target Support Files/Pods-InfosysAssignmentTests/Pods-InfosysAssignmentTests.release.xcconfig"; sourceTree = "<group>"; };
/* End PBXFileReference section */

/* Begin PBXFrameworksBuildPhase section */
		0E2AE8D323A3BAE100755A4A /* Frameworks */ = {
			isa = PBXFrameworksBuildPhase;
			buildActionMask = 2147483647;
			files = (
				8A8685A15172BFD07740D351 /* Pods_InfosysAssignment.framework in Frameworks */,
			);
			runOnlyForDeploymentPostprocessing = 0;
		};
		0E2AE8E923A3BAE300755A4A /* Frameworks */ = {
			isa = PBXFrameworksBuildPhase;
			buildActionMask = 2147483647;
			files = (
				1422524A92B76D072A49E026 /* Pods_InfosysAssignmentTests.framework in Frameworks */,
			);
			runOnlyForDeploymentPostprocessing = 0;
		};
/* End PBXFrameworksBuildPhase section */

/* Begin PBXGroup section */
		0E2AE8CD23A3BAE100755A4A = {
			isa = PBXGroup;
			children = (
				0E2AE8D823A3BAE100755A4A /* InfosysAssignment */,
				0E2AE8EF23A3BAE300755A4A /* InfosysAssignmentTests */,
				0E2AE8D723A3BAE100755A4A /* Products */,
				144DEA7D6C479EED04A5F55B /* Pods */,
				EA11B310D418ACB46717A128 /* Frameworks */,
			);
			sourceTree = "<group>";
		};
		0E2AE8D723A3BAE100755A4A /* Products */ = {
			isa = PBXGroup;
			children = (
				0E2AE8D623A3BAE100755A4A /* InfosysAssignment.app */,
				0E2AE8EC23A3BAE300755A4A /* InfosysAssignmentTests.xctest */,
			);
			name = Products;
			sourceTree = "<group>";
		};
		0E2AE8D823A3BAE100755A4A /* InfosysAssignment */ = {
			isa = PBXGroup;
			children = (
				0E2AE8D923A3BAE100755A4A /* AppDelegate.swift */,
				0E9E248323A7568500278D62 /* Resources */,
				0E4DE7F323A3EA9200577ACB /* Extensions */,
				0E4DE7E623A3C08B00577ACB /* Networking */,
				0E4DE7E923A3C3EB00577ACB /* Model */,
				0E4DE7ED23A3E83A00577ACB /* View */,
				0E4DE7EA23A3C40000577ACB /* ViewController */,
				0E4DE7F023A3E98000577ACB /* ViewModel */,
				0E2AE8E223A3BAE200755A4A /* Assets.xcassets */,
				0E2AE8E423A3BAE200755A4A /* LaunchScreen.storyboard */,
				0E2AE8E723A3BAE200755A4A /* Info.plist */,
			);
			path = InfosysAssignment;
			sourceTree = "<group>";
		};
		0E2AE8EF23A3BAE300755A4A /* InfosysAssignmentTests */ = {
			isa = PBXGroup;
			children = (
				0E2AE8F023A3BAE300755A4A /* InfosysAssignmentTests.swift */,
				0E9E248623A7AC0800278D62 /* ViewControllerTests.swift */,
				0E9E248823A7B34800278D62 /* APIRestClientTests.swift */,
				0EF2B32F23D041910004CFA2 /* FactTableViewCellTests.swift */,
				0E2AE8F223A3BAE300755A4A /* Info.plist */,
			);
			path = InfosysAssignmentTests;
			sourceTree = "<group>";
		};
		0E4DE7E623A3C08B00577ACB /* Networking */ = {
			isa = PBXGroup;
			children = (
				0E4DE7E723A3C0AA00577ACB /* NetworkConnection.swift */,
				0E4DE7E223A3BD3400577ACB /* APIRestClient.swift */,
			);
			path = Networking;
			sourceTree = "<group>";
		};
		0E4DE7E923A3C3EB00577ACB /* Model */ = {
			isa = PBXGroup;
			children = (
				0E4DE7E423A3C02200577ACB /* FactResponse.swift */,
			);
			path = Model;
			sourceTree = "<group>";
		};
		0E4DE7EA23A3C40000577ACB /* ViewController */ = {
			isa = PBXGroup;
			children = (
				0E2AE8DD23A3BAE100755A4A /* ViewController.swift */,
			);
			path = ViewController;
			sourceTree = "<group>";
		};
		0E4DE7ED23A3E83A00577ACB /* View */ = {
			isa = PBXGroup;
			children = (
				0E4DE7EB23A3E83500577ACB /* FactTableViewCell.swift */,
			);
			path = View;
			sourceTree = "<group>";
		};
		0E4DE7F023A3E98000577ACB /* ViewModel */ = {
			isa = PBXGroup;
			children = (
				0E4DE7EE23A3E91400577ACB /* ViewControllerViewModel.swift */,
			);
			path = ViewModel;
			sourceTree = "<group>";
		};
		0E4DE7F323A3EA9200577ACB /* Extensions */ = {
			isa = PBXGroup;
			children = (
				0E4DE7F123A3EA8E00577ACB /* Alerts.swift */,
			);
			path = Extensions;
			sourceTree = "<group>";
		};
		0E9E248323A7568500278D62 /* Resources */ = {
			isa = PBXGroup;
			children = (
			);
			path = Resources;
			sourceTree = "<group>";
		};
		144DEA7D6C479EED04A5F55B /* Pods */ = {
			isa = PBXGroup;
			children = (
				B7B79BD5A591522830287B2A /* Pods-InfosysAssignment.debug.xcconfig */,
				2987EF48D42E2BB925A95351 /* Pods-InfosysAssignment.release.xcconfig */,
				7DF1CAF85FCC1757B3E322B6 /* Pods-InfosysAssignmentTests.debug.xcconfig */,
				ED358D98BFBB31144E3EB9E3 /* Pods-InfosysAssignmentTests.release.xcconfig */,
			);
			path = Pods;
			sourceTree = "<group>";
		};
		EA11B310D418ACB46717A128 /* Frameworks */ = {
			isa = PBXGroup;
			children = (
				B700086A587E26DFBB57DA70 /* Pods_InfosysAssignment.framework */,
				69A4C50C63DEDEFBEB82089F /* Pods_InfosysAssignmentTests.framework */,
			);
			name = Frameworks;
			sourceTree = "<group>";
		};
/* End PBXGroup section */

/* Begin PBXNativeTarget section */
		0E2AE8D523A3BAE100755A4A /* InfosysAssignment */ = {
			isa = PBXNativeTarget;
			buildConfigurationList = 0E2AE8F523A3BAE300755A4A /* Build configuration list for PBXNativeTarget "InfosysAssignment" */;
			buildPhases = (
				036327F43C754B7D8685D1A0 /* [CP] Check Pods Manifest.lock */,
				0E2AE8D223A3BAE100755A4A /* Sources */,
				0E2AE8D323A3BAE100755A4A /* Frameworks */,
				0E2AE8D423A3BAE100755A4A /* Resources */,
				0E2AE8FB23A3BB4A00755A4A /* ShellScript */,
				34871BD5853B5782EE3A793C /* [CP] Embed Pods Frameworks */,
			);
			buildRules = (
			);
			dependencies = (
			);
			name = InfosysAssignment;
			productName = InfosysAssignment;
			productReference = 0E2AE8D623A3BAE100755A4A /* InfosysAssignment.app */;
			productType = "com.apple.product-type.application";
		};
		0E2AE8EB23A3BAE300755A4A /* InfosysAssignmentTests */ = {
			isa = PBXNativeTarget;
			buildConfigurationList = 0E2AE8F823A3BAE300755A4A /* Build configuration list for PBXNativeTarget "InfosysAssignmentTests" */;
			buildPhases = (
				BE0A7A9B0967BCC5DA4F9BE3 /* [CP] Check Pods Manifest.lock */,
				0E2AE8E823A3BAE300755A4A /* Sources */,
				0E2AE8E923A3BAE300755A4A /* Frameworks */,
				0E2AE8EA23A3BAE300755A4A /* Resources */,
			);
			buildRules = (
			);
			dependencies = (
				0E2AE8EE23A3BAE300755A4A /* PBXTargetDependency */,
			);
			name = InfosysAssignmentTests;
			productName = InfosysAssignmentTests;
			productReference = 0E2AE8EC23A3BAE300755A4A /* InfosysAssignmentTests.xctest */;
			productType = "com.apple.product-type.bundle.unit-test";
		};
/* End PBXNativeTarget section */

/* Begin PBXProject section */
		0E2AE8CE23A3BAE100755A4A /* Project object */ = {
			isa = PBXProject;
			attributes = {
				LastSwiftUpdateCheck = 1100;
				LastUpgradeCheck = 1100;
				ORGANIZATIONNAME = "BlueRose Technologies Pvt Ltd";
				TargetAttributes = {
					0E2AE8D523A3BAE100755A4A = {
						CreatedOnToolsVersion = 11.0;
					};
					0E2AE8EB23A3BAE300755A4A = {
						CreatedOnToolsVersion = 11.0;
						TestTargetID = 0E2AE8D523A3BAE100755A4A;
					};
				};
			};
			buildConfigurationList = 0E2AE8D123A3BAE100755A4A /* Build configuration list for PBXProject "InfosysAssignment" */;
			compatibilityVersion = "Xcode 9.3";
			developmentRegion = en;
			hasScannedForEncodings = 0;
			knownRegions = (
				en,
				Base,
			);
			mainGroup = 0E2AE8CD23A3BAE100755A4A;
			productRefGroup = 0E2AE8D723A3BAE100755A4A /* Products */;
			projectDirPath = "";
			projectRoot = "";
			targets = (
				0E2AE8D523A3BAE100755A4A /* InfosysAssignment */,
				0E2AE8EB23A3BAE300755A4A /* InfosysAssignmentTests */,
			);
		};
/* End PBXProject section */

/* Begin PBXResourcesBuildPhase section */
		0E2AE8D423A3BAE100755A4A /* Resources */ = {
			isa = PBXResourcesBuildPhase;
			buildActionMask = 2147483647;
			files = (
				0E2AE8E623A3BAE200755A4A /* LaunchScreen.storyboard in Resources */,
				0E2AE8E323A3BAE200755A4A /* Assets.xcassets in Resources */,
			);
			runOnlyForDeploymentPostprocessing = 0;
		};
		0E2AE8EA23A3BAE300755A4A /* Resources */ = {
			isa = PBXResourcesBuildPhase;
			buildActionMask = 2147483647;
			files = (
			);
			runOnlyForDeploymentPostprocessing = 0;
		};
/* End PBXResourcesBuildPhase section */

/* Begin PBXShellScriptBuildPhase section */
		036327F43C754B7D8685D1A0 /* [CP] Check Pods Manifest.lock */ = {
			isa = PBXShellScriptBuildPhase;
			buildActionMask = 2147483647;
			files = (
			);
			inputFileListPaths = (
			);
			inputPaths = (
				"${PODS_PODFILE_DIR_PATH}/Podfile.lock",
				"${PODS_ROOT}/Manifest.lock",
			);
			name = "[CP] Check Pods Manifest.lock";
			outputFileListPaths = (
			);
			outputPaths = (
				"$(DERIVED_FILE_DIR)/Pods-InfosysAssignment-checkManifestLockResult.txt",
			);
			runOnlyForDeploymentPostprocessing = 0;
			shellPath = /bin/sh;
			shellScript = "diff \"${PODS_PODFILE_DIR_PATH}/Podfile.lock\" \"${PODS_ROOT}/Manifest.lock\" > /dev/null\nif [ $? != 0 ] ; then\n    # print error to STDERR\n    echo \"error: The sandbox is not in sync with the Podfile.lock. Run 'pod install' or update your CocoaPods installation.\" >&2\n    exit 1\nfi\n# This output is used by Xcode 'outputs' to avoid re-running this script phase.\necho \"SUCCESS\" > \"${SCRIPT_OUTPUT_FILE_0}\"\n";
			showEnvVarsInLog = 0;
		};
		0E2AE8FB23A3BB4A00755A4A /* ShellScript */ = {
			isa = PBXShellScriptBuildPhase;
			buildActionMask = 2147483647;
			files = (
			);
			inputFileListPaths = (
			);
			inputPaths = (
			);
			outputFileListPaths = (
			);
			outputPaths = (
			);
			runOnlyForDeploymentPostprocessing = 0;
			shellPath = /bin/sh;
			shellScript = "\"${PODS_ROOT}/SwiftLint/swiftlint\"\n";
		};
		34871BD5853B5782EE3A793C /* [CP] Embed Pods Frameworks */ = {
			isa = PBXShellScriptBuildPhase;
			buildActionMask = 2147483647;
			files = (
			);
			inputFileListPaths = (
				"${PODS_ROOT}/Target Support Files/Pods-InfosysAssignment/Pods-InfosysAssignment-frameworks-${CONFIGURATION}-input-files.xcfilelist",
			);
			name = "[CP] Embed Pods Frameworks";
			outputFileListPaths = (
				"${PODS_ROOT}/Target Support Files/Pods-InfosysAssignment/Pods-InfosysAssignment-frameworks-${CONFIGURATION}-output-files.xcfilelist",
			);
			runOnlyForDeploymentPostprocessing = 0;
			shellPath = /bin/sh;
			shellScript = "\"${PODS_ROOT}/Target Support Files/Pods-InfosysAssignment/Pods-InfosysAssignment-frameworks.sh\"\n";
			showEnvVarsInLog = 0;
		};
		BE0A7A9B0967BCC5DA4F9BE3 /* [CP] Check Pods Manifest.lock */ = {
			isa = PBXShellScriptBuildPhase;
			buildActionMask = 2147483647;
			files = (
			);
			inputFileListPaths = (
			);
			inputPaths = (
				"${PODS_PODFILE_DIR_PATH}/Podfile.lock",
				"${PODS_ROOT}/Manifest.lock",
			);
			name = "[CP] Check Pods Manifest.lock";
			outputFileListPaths = (
			);
			outputPaths = (
				"$(DERIVED_FILE_DIR)/Pods-InfosysAssignmentTests-checkManifestLockResult.txt",
			);
			runOnlyForDeploymentPostprocessing = 0;
			shellPath = /bin/sh;
			shellScript = "diff \"${PODS_PODFILE_DIR_PATH}/Podfile.lock\" \"${PODS_ROOT}/Manifest.lock\" > /dev/null\nif [ $? != 0 ] ; then\n    # print error to STDERR\n    echo \"error: The sandbox is not in sync with the Podfile.lock. Run 'pod install' or update your CocoaPods installation.\" >&2\n    exit 1\nfi\n# This output is used by Xcode 'outputs' to avoid re-running this script phase.\necho \"SUCCESS\" > \"${SCRIPT_OUTPUT_FILE_0}\"\n";
			showEnvVarsInLog = 0;
		};
/* End PBXShellScriptBuildPhase section */

/* Begin PBXSourcesBuildPhase section */
		0E2AE8D223A3BAE100755A4A /* Sources */ = {
			isa = PBXSourcesBuildPhase;
			buildActionMask = 2147483647;
			files = (
				0E2AE8DE23A3BAE100755A4A /* ViewController.swift in Sources */,
				0E4DE7EF23A3E91400577ACB /* ViewControllerViewModel.swift in Sources */,
				0E4DE7F223A3EA8E00577ACB /* Alerts.swift in Sources */,
				0E4DE7E323A3BD3400577ACB /* APIRestClient.swift in Sources */,
				0E4DE7E823A3C0AA00577ACB /* NetworkConnection.swift in Sources */,
				0E4DE7EC23A3E83500577ACB /* FactTableViewCell.swift in Sources */,
				0E2AE8DA23A3BAE100755A4A /* AppDelegate.swift in Sources */,
				0E4DE7E523A3C02200577ACB /* FactResponse.swift in Sources */,
			);
			runOnlyForDeploymentPostprocessing = 0;
		};
		0E2AE8E823A3BAE300755A4A /* Sources */ = {
			isa = PBXSourcesBuildPhase;
			buildActionMask = 2147483647;
			files = (
				0E9E248723A7AC0800278D62 /* ViewControllerTests.swift in Sources */,
				0E9E248923A7B34800278D62 /* APIRestClientTests.swift in Sources */,
				0E2AE8F123A3BAE300755A4A /* InfosysAssignmentTests.swift in Sources */,
				0EF2B33023D041910004CFA2 /* FactTableViewCellTests.swift in Sources */,
			);
			runOnlyForDeploymentPostprocessing = 0;
		};
/* End PBXSourcesBuildPhase section */

/* Begin PBXTargetDependency section */
		0E2AE8EE23A3BAE300755A4A /* PBXTargetDependency */ = {
			isa = PBXTargetDependency;
			target = 0E2AE8D523A3BAE100755A4A /* InfosysAssignment */;
			targetProxy = 0E2AE8ED23A3BAE300755A4A /* PBXContainerItemProxy */;
		};
/* End PBXTargetDependency section */

/* Begin PBXVariantGroup section */
		0E2AE8E423A3BAE200755A4A /* LaunchScreen.storyboard */ = {
			isa = PBXVariantGroup;
			children = (
				0E2AE8E523A3BAE200755A4A /* Base */,
			);
			name = LaunchScreen.storyboard;
			sourceTree = "<group>";
		};
/* End PBXVariantGroup section */

/* Begin XCBuildConfiguration section */
		0E2AE8F323A3BAE300755A4A /* Debug */ = {
			isa = XCBuildConfiguration;
			buildSettings = {
				ALWAYS_SEARCH_USER_PATHS = NO;
				CLANG_ANALYZER_NONNULL = YES;
				CLANG_ANALYZER_NUMBER_OBJECT_CONVERSION = YES_AGGRESSIVE;
				CLANG_CXX_LANGUAGE_STANDARD = "gnu++14";
				CLANG_CXX_LIBRARY = "libc++";
				CLANG_ENABLE_MODULES = YES;
				CLANG_ENABLE_OBJC_ARC = YES;
				CLANG_ENABLE_OBJC_WEAK = YES;
				CLANG_WARN_BLOCK_CAPTURE_AUTORELEASING = YES;
				CLANG_WARN_BOOL_CONVERSION = YES;
				CLANG_WARN_COMMA = YES;
				CLANG_WARN_CONSTANT_CONVERSION = YES;
				CLANG_WARN_DEPRECATED_OBJC_IMPLEMENTATIONS = YES;
				CLANG_WARN_DIRECT_OBJC_ISA_USAGE = YES_ERROR;
				CLANG_WARN_DOCUMENTATION_COMMENTS = YES;
				CLANG_WARN_EMPTY_BODY = YES;
				CLANG_WARN_ENUM_CONVERSION = YES;
				CLANG_WARN_INFINITE_RECURSION = YES;
				CLANG_WARN_INT_CONVERSION = YES;
				CLANG_WARN_NON_LITERAL_NULL_CONVERSION = YES;
				CLANG_WARN_OBJC_IMPLICIT_RETAIN_SELF = YES;
				CLANG_WARN_OBJC_LITERAL_CONVERSION = YES;
				CLANG_WARN_OBJC_ROOT_CLASS = YES_ERROR;
				CLANG_WARN_RANGE_LOOP_ANALYSIS = YES;
				CLANG_WARN_STRICT_PROTOTYPES = YES;
				CLANG_WARN_SUSPICIOUS_MOVE = YES;
				CLANG_WARN_UNGUARDED_AVAILABILITY = YES_AGGRESSIVE;
				CLANG_WARN_UNREACHABLE_CODE = YES;
				CLANG_WARN__DUPLICATE_METHOD_MATCH = YES;
				COPY_PHASE_STRIP = NO;
				DEBUG_INFORMATION_FORMAT = dwarf;
				ENABLE_STRICT_OBJC_MSGSEND = YES;
				ENABLE_TESTABILITY = YES;
				GCC_C_LANGUAGE_STANDARD = gnu11;
				GCC_DYNAMIC_NO_PIC = NO;
				GCC_NO_COMMON_BLOCKS = YES;
				GCC_OPTIMIZATION_LEVEL = 0;
				GCC_PREPROCESSOR_DEFINITIONS = (
					"DEBUG=1",
					"$(inherited)",
				);
				GCC_WARN_64_TO_32_BIT_CONVERSION = YES;
				GCC_WARN_ABOUT_RETURN_TYPE = YES_ERROR;
				GCC_WARN_UNDECLARED_SELECTOR = YES;
				GCC_WARN_UNINITIALIZED_AUTOS = YES_AGGRESSIVE;
				GCC_WARN_UNUSED_FUNCTION = YES;
				GCC_WARN_UNUSED_VARIABLE = YES;
				IPHONEOS_DEPLOYMENT_TARGET = 13.0;
				MTL_ENABLE_DEBUG_INFO = INCLUDE_SOURCE;
				MTL_FAST_MATH = YES;
				ONLY_ACTIVE_ARCH = YES;
				SDKROOT = iphoneos;
				SWIFT_ACTIVE_COMPILATION_CONDITIONS = DEBUG;
				SWIFT_OPTIMIZATION_LEVEL = "-Onone";
			};
			name = Debug;
		};
		0E2AE8F423A3BAE300755A4A /* Release */ = {
			isa = XCBuildConfiguration;
			buildSettings = {
				ALWAYS_SEARCH_USER_PATHS = NO;
				CLANG_ANALYZER_NONNULL = YES;
				CLANG_ANALYZER_NUMBER_OBJECT_CONVERSION = YES_AGGRESSIVE;
				CLANG_CXX_LANGUAGE_STANDARD = "gnu++14";
				CLANG_CXX_LIBRARY = "libc++";
				CLANG_ENABLE_MODULES = YES;
				CLANG_ENABLE_OBJC_ARC = YES;
				CLANG_ENABLE_OBJC_WEAK = YES;
				CLANG_WARN_BLOCK_CAPTURE_AUTORELEASING = YES;
				CLANG_WARN_BOOL_CONVERSION = YES;
				CLANG_WARN_COMMA = YES;
				CLANG_WARN_CONSTANT_CONVERSION = YES;
				CLANG_WARN_DEPRECATED_OBJC_IMPLEMENTATIONS = YES;
				CLANG_WARN_DIRECT_OBJC_ISA_USAGE = YES_ERROR;
				CLANG_WARN_DOCUMENTATION_COMMENTS = YES;
				CLANG_WARN_EMPTY_BODY = YES;
				CLANG_WARN_ENUM_CONVERSION = YES;
				CLANG_WARN_INFINITE_RECURSION = YES;
				CLANG_WARN_INT_CONVERSION = YES;
				CLANG_WARN_NON_LITERAL_NULL_CONVERSION = YES;
				CLANG_WARN_OBJC_IMPLICIT_RETAIN_SELF = YES;
				CLANG_WARN_OBJC_LITERAL_CONVERSION = YES;
				CLANG_WARN_OBJC_ROOT_CLASS = YES_ERROR;
				CLANG_WARN_RANGE_LOOP_ANALYSIS = YES;
				CLANG_WARN_STRICT_PROTOTYPES = YES;
				CLANG_WARN_SUSPICIOUS_MOVE = YES;
				CLANG_WARN_UNGUARDED_AVAILABILITY = YES_AGGRESSIVE;
				CLANG_WARN_UNREACHABLE_CODE = YES;
				CLANG_WARN__DUPLICATE_METHOD_MATCH = YES;
				COPY_PHASE_STRIP = NO;
				DEBUG_INFORMATION_FORMAT = "dwarf-with-dsym";
				ENABLE_NS_ASSERTIONS = NO;
				ENABLE_STRICT_OBJC_MSGSEND = YES;
				GCC_C_LANGUAGE_STANDARD = gnu11;
				GCC_NO_COMMON_BLOCKS = YES;
				GCC_WARN_64_TO_32_BIT_CONVERSION = YES;
				GCC_WARN_ABOUT_RETURN_TYPE = YES_ERROR;
				GCC_WARN_UNDECLARED_SELECTOR = YES;
				GCC_WARN_UNINITIALIZED_AUTOS = YES_AGGRESSIVE;
				GCC_WARN_UNUSED_FUNCTION = YES;
				GCC_WARN_UNUSED_VARIABLE = YES;
				IPHONEOS_DEPLOYMENT_TARGET = 13.0;
				MTL_ENABLE_DEBUG_INFO = NO;
				MTL_FAST_MATH = YES;
				SDKROOT = iphoneos;
				SWIFT_COMPILATION_MODE = wholemodule;
				SWIFT_OPTIMIZATION_LEVEL = "-O";
				VALIDATE_PRODUCT = YES;
			};
			name = Release;
		};
		0E2AE8F623A3BAE300755A4A /* Debug */ = {
			isa = XCBuildConfiguration;
			baseConfigurationReference = B7B79BD5A591522830287B2A /* Pods-InfosysAssignment.debug.xcconfig */;
			buildSettings = {
				ASSETCATALOG_COMPILER_APPICON_NAME = AppIcon;
				CODE_SIGN_STYLE = Automatic;
				INFOPLIST_FILE = InfosysAssignment/Info.plist;
				LD_RUNPATH_SEARCH_PATHS = (
					"$(inherited)",
					"@executable_path/Frameworks",
				);
				PRODUCT_BUNDLE_IDENTIFIER = com.infosys.apps.InfosysAssignment;
				PRODUCT_NAME = "$(TARGET_NAME)";
				SWIFT_VERSION = 5.0;
				TARGETED_DEVICE_FAMILY = "1,2";
			};
			name = Debug;
		};
		0E2AE8F723A3BAE300755A4A /* Release */ = {
			isa = XCBuildConfiguration;
			baseConfigurationReference = 2987EF48D42E2BB925A95351 /* Pods-InfosysAssignment.release.xcconfig */;
			buildSettings = {
				ASSETCATALOG_COMPILER_APPICON_NAME = AppIcon;
				CODE_SIGN_STYLE = Automatic;
				INFOPLIST_FILE = InfosysAssignment/Info.plist;
				LD_RUNPATH_SEARCH_PATHS = (
					"$(inherited)",
					"@executable_path/Frameworks",
				);
				PRODUCT_BUNDLE_IDENTIFIER = com.infosys.apps.InfosysAssignment;
				PRODUCT_NAME = "$(TARGET_NAME)";
				SWIFT_VERSION = 5.0;
				TARGETED_DEVICE_FAMILY = "1,2";
			};
			name = Release;
		};
		0E2AE8F923A3BAE300755A4A /* Debug */ = {
			isa = XCBuildConfiguration;
			baseConfigurationReference = 7DF1CAF85FCC1757B3E322B6 /* Pods-InfosysAssignmentTests.debug.xcconfig */;
			buildSettings = {
				ALWAYS_EMBED_SWIFT_STANDARD_LIBRARIES = YES;
				BUNDLE_LOADER = "$(TEST_HOST)";
				CODE_SIGN_STYLE = Automatic;
				INFOPLIST_FILE = InfosysAssignmentTests/Info.plist;
				IPHONEOS_DEPLOYMENT_TARGET = 13.0;
				LD_RUNPATH_SEARCH_PATHS = (
					"$(inherited)",
					"@executable_path/Frameworks",
					"@loader_path/Frameworks",
				);
				PRODUCT_BUNDLE_IDENTIFIER = com.infosys.apps.InfosysAssignmentTests;
				PRODUCT_NAME = "$(TARGET_NAME)";
				SWIFT_VERSION = 5.0;
				TARGETED_DEVICE_FAMILY = "1,2";
				TEST_HOST = "$(BUILT_PRODUCTS_DIR)/InfosysAssignment.app/InfosysAssignment";
			};
			name = Debug;
		};
		0E2AE8FA23A3BAE300755A4A /* Release */ = {
			isa = XCBuildConfiguration;
			baseConfigurationReference = ED358D98BFBB31144E3EB9E3 /* Pods-InfosysAssignmentTests.release.xcconfig */;
			buildSettings = {
				ALWAYS_EMBED_SWIFT_STANDARD_LIBRARIES = YES;
				BUNDLE_LOADER = "$(TEST_HOST)";
				CODE_SIGN_STYLE = Automatic;
				INFOPLIST_FILE = InfosysAssignmentTests/Info.plist;
				IPHONEOS_DEPLOYMENT_TARGET = 13.0;
				LD_RUNPATH_SEARCH_PATHS = (
					"$(inherited)",
					"@executable_path/Frameworks",
					"@loader_path/Frameworks",
				);
				PRODUCT_BUNDLE_IDENTIFIER = com.infosys.apps.InfosysAssignmentTests;
				PRODUCT_NAME = "$(TARGET_NAME)";
				SWIFT_VERSION = 5.0;
				TARGETED_DEVICE_FAMILY = "1,2";
				TEST_HOST = "$(BUILT_PRODUCTS_DIR)/InfosysAssignment.app/InfosysAssignment";
			};
			name = Release;
		};
/* End XCBuildConfiguration section */

/* Begin XCConfigurationList section */
		0E2AE8D123A3BAE100755A4A /* Build configuration list for PBXProject "InfosysAssignment" */ = {
			isa = XCConfigurationList;
			buildConfigurations = (
				0E2AE8F323A3BAE300755A4A /* Debug */,
				0E2AE8F423A3BAE300755A4A /* Release */,
			);
			defaultConfigurationIsVisible = 0;
			defaultConfigurationName = Release;
		};
		0E2AE8F523A3BAE300755A4A /* Build configuration list for PBXNativeTarget "InfosysAssignment" */ = {
			isa = XCConfigurationList;
			buildConfigurations = (
				0E2AE8F623A3BAE300755A4A /* Debug */,
				0E2AE8F723A3BAE300755A4A /* Release */,
			);
			defaultConfigurationIsVisible = 0;
			defaultConfigurationName = Release;
		};
		0E2AE8F823A3BAE300755A4A /* Build configuration list for PBXNativeTarget "InfosysAssignmentTests" */ = {
			isa = XCConfigurationList;
			buildConfigurations = (
				0E2AE8F923A3BAE300755A4A /* Debug */,
				0E2AE8FA23A3BAE300755A4A /* Release */,
			);
			defaultConfigurationIsVisible = 0;
			defaultConfigurationName = Release;
		};
/* End XCConfigurationList section */
	};
	rootObject = 0E2AE8CE23A3BAE100755A4A /* Project object */;
}
